// !$*UTF8*$!
{
	archiveVersion = 1;
	classes = {
	};
	objectVersion = 46;
	objects = {

/* Begin PBXBuildFile section */
		698F6B78E32C816C95452CF0 /* libPods-Location-Geofence-Demo.a in Frameworks */ = {isa = PBXBuildFile; fileRef = C9697422EE3FDCD7578893B2 /* libPods-Location-Geofence-Demo.a */; };
		BB566520592F9F12DDDD1EE9 /* libPods-Location-Geofence-Demo-Swift.a in Frameworks */ = {isa = PBXBuildFile; fileRef = 816524B83F4C2647A6AFAD5D /* libPods-Location-Geofence-Demo-Swift.a */; };
		D971B68A1E1FC6D000F726EF /* AppDelegate.swift in Sources */ = {isa = PBXBuildFile; fileRef = D971B6891E1FC6D000F726EF /* AppDelegate.swift */; };
		D971B68C1E1FC6D000F726EF /* ViewController.swift in Sources */ = {isa = PBXBuildFile; fileRef = D971B68B1E1FC6D000F726EF /* ViewController.swift */; };
		D971B68F1E1FC6D000F726EF /* Main.storyboard in Resources */ = {isa = PBXBuildFile; fileRef = D971B68D1E1FC6D000F726EF /* Main.storyboard */; };
		D971B6911E1FC6D000F726EF /* Assets.xcassets in Resources */ = {isa = PBXBuildFile; fileRef = D971B6901E1FC6D000F726EF /* Assets.xcassets */; };
		D971B6941E1FC6D000F726EF /* LaunchScreen.storyboard in Resources */ = {isa = PBXBuildFile; fileRef = D971B6921E1FC6D000F726EF /* LaunchScreen.storyboard */; };
		D9955C201E0BACC700628015 /* main.m in Sources */ = {isa = PBXBuildFile; fileRef = D9955C1F1E0BACC700628015 /* main.m */; };
		D9955C231E0BACC700628015 /* AppDelegate.m in Sources */ = {isa = PBXBuildFile; fileRef = D9955C221E0BACC700628015 /* AppDelegate.m */; };
		D9955C261E0BACC700628015 /* ViewController.m in Sources */ = {isa = PBXBuildFile; fileRef = D9955C251E0BACC700628015 /* ViewController.m */; };
		D9955C291E0BACC700628015 /* Main.storyboard in Resources */ = {isa = PBXBuildFile; fileRef = D9955C271E0BACC700628015 /* Main.storyboard */; };
		D9955C2B1E0BACC700628015 /* Assets.xcassets in Resources */ = {isa = PBXBuildFile; fileRef = D9955C2A1E0BACC700628015 /* Assets.xcassets */; };
		D9955C2E1E0BACC700628015 /* LaunchScreen.storyboard in Resources */ = {isa = PBXBuildFile; fileRef = D9955C2C1E0BACC700628015 /* LaunchScreen.storyboard */; };
		D9955C401E0BAF9900628015 /* libc++.tbd in Frameworks */ = {isa = PBXBuildFile; fileRef = D9955C3F1E0BAF9900628015 /* libc++.tbd */; };
		D9955C421E0BAFA200628015 /* libz.tbd in Frameworks */ = {isa = PBXBuildFile; fileRef = D9955C411E0BAFA200628015 /* libz.tbd */; };
		D9955C441E0BAFB600628015 /* libstdc++.6.0.9.tbd in Frameworks */ = {isa = PBXBuildFile; fileRef = D9955C431E0BAFB600628015 /* libstdc++.6.0.9.tbd */; };
		D9955C461E0BAFBF00628015 /* Security.framework in Frameworks */ = {isa = PBXBuildFile; fileRef = D9955C451E0BAFBF00628015 /* Security.framework */; };
		D9955C481E0BAFC700628015 /* JavaScriptCore.framework in Frameworks */ = {isa = PBXBuildFile; fileRef = D9955C471E0BAFC700628015 /* JavaScriptCore.framework */; };
		D9955C4A1E0BAFCE00628015 /* CoreTelephony.framework in Frameworks */ = {isa = PBXBuildFile; fileRef = D9955C491E0BAFCE00628015 /* CoreTelephony.framework */; };
		D9955C4C1E0BAFD700628015 /* SystemConfiguration.framework in Frameworks */ = {isa = PBXBuildFile; fileRef = D9955C4B1E0BAFD700628015 /* SystemConfiguration.framework */; };
		D9955C521E0BB0A200628015 /* icon-72.png in Resources */ = {isa = PBXBuildFile; fileRef = D9955C4E1E0BB0A200628015 /* icon-72.png */; };
		D9955C531E0BB0A200628015 /* icon-72@2x.png in Resources */ = {isa = PBXBuildFile; fileRef = D9955C4F1E0BB0A200628015 /* icon-72@2x.png */; };
		D9955C541E0BB0A200628015 /* icon.png in Resources */ = {isa = PBXBuildFile; fileRef = D9955C501E0BB0A200628015 /* icon.png */; };
		D9955C551E0BB0A200628015 /* icon@2x.png in Resources */ = {isa = PBXBuildFile; fileRef = D9955C511E0BB0A200628015 /* icon@2x.png */; };
/* End PBXBuildFile section */

/* Begin PBXFileReference section */
		2231A695FCDBA1CC7BEC6B86 /* Pods-Location-Geofence-Demo.release.xcconfig */ = {isa = PBXFileReference; includeInIndex = 1; lastKnownFileType = text.xcconfig; name = "Pods-Location-Geofence-Demo.release.xcconfig"; path = "Pods/Target Support Files/Pods-Location-Geofence-Demo/Pods-Location-Geofence-Demo.release.xcconfig"; sourceTree = "<group>"; };
		34D9F3A15832A493F87D7DFD /* Pods-Location-Geofence-Demo-Swift.release.xcconfig */ = {isa = PBXFileReference; includeInIndex = 1; lastKnownFileType = text.xcconfig; name = "Pods-Location-Geofence-Demo-Swift.release.xcconfig"; path = "Pods/Target Support Files/Pods-Location-Geofence-Demo-Swift/Pods-Location-Geofence-Demo-Swift.release.xcconfig"; sourceTree = "<group>"; };
		378AC6BF43DC91C6D8B43295 /* Pods-Location-Geofence-Demo.debug.xcconfig */ = {isa = PBXFileReference; includeInIndex = 1; lastKnownFileType = text.xcconfig; name = "Pods-Location-Geofence-Demo.debug.xcconfig"; path = "Pods/Target Support Files/Pods-Location-Geofence-Demo/Pods-Location-Geofence-Demo.debug.xcconfig"; sourceTree = "<group>"; };
		4B7A6D035657495F918233D1 /* Pods-Location-Geofence-Demo-Swift.debug.xcconfig */ = {isa = PBXFileReference; includeInIndex = 1; lastKnownFileType = text.xcconfig; name = "Pods-Location-Geofence-Demo-Swift.debug.xcconfig"; path = "Pods/Target Support Files/Pods-Location-Geofence-Demo-Swift/Pods-Location-Geofence-Demo-Swift.debug.xcconfig"; sourceTree = "<group>"; };
		816524B83F4C2647A6AFAD5D /* libPods-Location-Geofence-Demo-Swift.a */ = {isa = PBXFileReference; explicitFileType = archive.ar; includeInIndex = 0; path = "libPods-Location-Geofence-Demo-Swift.a"; sourceTree = BUILT_PRODUCTS_DIR; };
		C9697422EE3FDCD7578893B2 /* libPods-Location-Geofence-Demo.a */ = {isa = PBXFileReference; explicitFileType = archive.ar; includeInIndex = 0; path = "libPods-Location-Geofence-Demo.a"; sourceTree = BUILT_PRODUCTS_DIR; };
		D971B6871E1FC6D000F726EF /* Location-Geofence-Demo-Swift.app */ = {isa = PBXFileReference; explicitFileType = wrapper.application; includeInIndex = 0; path = "Location-Geofence-Demo-Swift.app"; sourceTree = BUILT_PRODUCTS_DIR; };
		D971B6891E1FC6D000F726EF /* AppDelegate.swift */ = {isa = PBXFileReference; lastKnownFileType = sourcecode.swift; path = AppDelegate.swift; sourceTree = "<group>"; };
		D971B68B1E1FC6D000F726EF /* ViewController.swift */ = {isa = PBXFileReference; lastKnownFileType = sourcecode.swift; path = ViewController.swift; sourceTree = "<group>"; };
		D971B68E1E1FC6D000F726EF /* Base */ = {isa = PBXFileReference; lastKnownFileType = file.storyboard; name = Base; path = Base.lproj/Main.storyboard; sourceTree = "<group>"; };
		D971B6901E1FC6D000F726EF /* Assets.xcassets */ = {isa = PBXFileReference; lastKnownFileType = folder.assetcatalog; path = Assets.xcassets; sourceTree = "<group>"; };
		D971B6931E1FC6D000F726EF /* Base */ = {isa = PBXFileReference; lastKnownFileType = file.storyboard; name = Base; path = Base.lproj/LaunchScreen.storyboard; sourceTree = "<group>"; };
		D971B6951E1FC6D000F726EF /* Info.plist */ = {isa = PBXFileReference; lastKnownFileType = text.plist.xml; path = Info.plist; sourceTree = "<group>"; };
		D971B6991E1FC72800F726EF /* Swift-Bridging-Header.h */ = {isa = PBXFileReference; lastKnownFileType = sourcecode.c.h; path = "Swift-Bridging-Header.h"; sourceTree = "<group>"; };
		D9955C1B1E0BACC700628015 /* Location-Geofence-Demo.app */ = {isa = PBXFileReference; explicitFileType = wrapper.application; includeInIndex = 0; path = "Location-Geofence-Demo.app"; sourceTree = BUILT_PRODUCTS_DIR; };
		D9955C1F1E0BACC700628015 /* main.m */ = {isa = PBXFileReference; lastKnownFileType = sourcecode.c.objc; path = main.m; sourceTree = "<group>"; };
		D9955C211E0BACC700628015 /* AppDelegate.h */ = {isa = PBXFileReference; lastKnownFileType = sourcecode.c.h; path = AppDelegate.h; sourceTree = "<group>"; };
		D9955C221E0BACC700628015 /* AppDelegate.m */ = {isa = PBXFileReference; lastKnownFileType = sourcecode.c.objc; path = AppDelegate.m; sourceTree = "<group>"; };
		D9955C241E0BACC700628015 /* ViewController.h */ = {isa = PBXFileReference; lastKnownFileType = sourcecode.c.h; path = ViewController.h; sourceTree = "<group>"; };
		D9955C251E0BACC700628015 /* ViewController.m */ = {isa = PBXFileReference; lastKnownFileType = sourcecode.c.objc; path = ViewController.m; sourceTree = "<group>"; };
		D9955C281E0BACC700628015 /* Base */ = {isa = PBXFileReference; lastKnownFileType = file.storyboard; name = Base; path = Base.lproj/Main.storyboard; sourceTree = "<group>"; };
		D9955C2A1E0BACC700628015 /* Assets.xcassets */ = {isa = PBXFileReference; lastKnownFileType = folder.assetcatalog; path = Assets.xcassets; sourceTree = "<group>"; };
		D9955C2D1E0BACC700628015 /* Base */ = {isa = PBXFileReference; lastKnownFileType = file.storyboard; name = Base; path = Base.lproj/LaunchScreen.storyboard; sourceTree = "<group>"; };
		D9955C2F1E0BACC700628015 /* Info.plist */ = {isa = PBXFileReference; lastKnownFileType = text.plist.xml; path = Info.plist; sourceTree = "<group>"; };
		D9955C361E0BAE5C00628015 /* APIKey.h */ = {isa = PBXFileReference; fileEncoding = 4; lastKnownFileType = sourcecode.c.h; path = APIKey.h; sourceTree = "<group>"; };
		D9955C3F1E0BAF9900628015 /* libc++.tbd */ = {isa = PBXFileReference; lastKnownFileType = "sourcecode.text-based-dylib-definition"; name = "libc++.tbd"; path = "usr/lib/libc++.tbd"; sourceTree = SDKROOT; };
		D9955C411E0BAFA200628015 /* libz.tbd */ = {isa = PBXFileReference; lastKnownFileType = "sourcecode.text-based-dylib-definition"; name = libz.tbd; path = usr/lib/libz.tbd; sourceTree = SDKROOT; };
		D9955C431E0BAFB600628015 /* libstdc++.6.0.9.tbd */ = {isa = PBXFileReference; lastKnownFileType = "sourcecode.text-based-dylib-definition"; name = "libstdc++.6.0.9.tbd"; path = "usr/lib/libstdc++.6.0.9.tbd"; sourceTree = SDKROOT; };
		D9955C451E0BAFBF00628015 /* Security.framework */ = {isa = PBXFileReference; lastKnownFileType = wrapper.framework; name = Security.framework; path = System/Library/Frameworks/Security.framework; sourceTree = SDKROOT; };
		D9955C471E0BAFC700628015 /* JavaScriptCore.framework */ = {isa = PBXFileReference; lastKnownFileType = wrapper.framework; name = JavaScriptCore.framework; path = System/Library/Frameworks/JavaScriptCore.framework; sourceTree = SDKROOT; };
		D9955C491E0BAFCE00628015 /* CoreTelephony.framework */ = {isa = PBXFileReference; lastKnownFileType = wrapper.framework; name = CoreTelephony.framework; path = System/Library/Frameworks/CoreTelephony.framework; sourceTree = SDKROOT; };
		D9955C4B1E0BAFD700628015 /* SystemConfiguration.framework */ = {isa = PBXFileReference; lastKnownFileType = wrapper.framework; name = SystemConfiguration.framework; path = System/Library/Frameworks/SystemConfiguration.framework; sourceTree = SDKROOT; };
		D9955C4E1E0BB0A200628015 /* icon-72.png */ = {isa = PBXFileReference; lastKnownFileType = image.png; path = "icon-72.png"; sourceTree = "<group>"; };
		D9955C4F1E0BB0A200628015 /* icon-72@2x.png */ = {isa = PBXFileReference; lastKnownFileType = image.png; path = "icon-72@2x.png"; sourceTree = "<group>"; };
		D9955C501E0BB0A200628015 /* icon.png */ = {isa = PBXFileReference; lastKnownFileType = image.png; path = icon.png; sourceTree = "<group>"; };
		D9955C511E0BB0A200628015 /* icon@2x.png */ = {isa = PBXFileReference; lastKnownFileType = image.png; path = "icon@2x.png"; sourceTree = "<group>"; };
/* End PBXFileReference section */

/* Begin PBXFrameworksBuildPhase section */
		D971B6841E1FC6D000F726EF /* Frameworks */ = {
			isa = PBXFrameworksBuildPhase;
			buildActionMask = 2147483647;
			files = (
				BB566520592F9F12DDDD1EE9 /* libPods-Location-Geofence-Demo-Swift.a in Frameworks */,
			);
			runOnlyForDeploymentPostprocessing = 0;
		};
		D9955C181E0BACC700628015 /* Frameworks */ = {
			isa = PBXFrameworksBuildPhase;
			buildActionMask = 2147483647;
			files = (
				D9955C4C1E0BAFD700628015 /* SystemConfiguration.framework in Frameworks */,
				D9955C4A1E0BAFCE00628015 /* CoreTelephony.framework in Frameworks */,
				D9955C481E0BAFC700628015 /* JavaScriptCore.framework in Frameworks */,
				D9955C461E0BAFBF00628015 /* Security.framework in Frameworks */,
				D9955C441E0BAFB600628015 /* libstdc++.6.0.9.tbd in Frameworks */,
				D9955C421E0BAFA200628015 /* libz.tbd in Frameworks */,
				D9955C401E0BAF9900628015 /* libc++.tbd in Frameworks */,
				698F6B78E32C816C95452CF0 /* libPods-Location-Geofence-Demo.a in Frameworks */,
			);
			runOnlyForDeploymentPostprocessing = 0;
		};
/* End PBXFrameworksBuildPhase section */

/* Begin PBXGroup section */
		D971B6881E1FC6D000F726EF /* Location-Geofence-Demo-Swift */ = {
			isa = PBXGroup;
			children = (
				D971B6891E1FC6D000F726EF /* AppDelegate.swift */,
				D971B68B1E1FC6D000F726EF /* ViewController.swift */,
				D971B6991E1FC72800F726EF /* Swift-Bridging-Header.h */,
				D971B68D1E1FC6D000F726EF /* Main.storyboard */,
				D971B6901E1FC6D000F726EF /* Assets.xcassets */,
				D971B6921E1FC6D000F726EF /* LaunchScreen.storyboard */,
				D971B6951E1FC6D000F726EF /* Info.plist */,
			);
			path = "Location-Geofence-Demo-Swift";
			sourceTree = "<group>";
		};
		D9955C121E0BACC700628015 = {
			isa = PBXGroup;
			children = (
				D9955C1D1E0BACC700628015 /* Location-Geofence-Demo */,
				D971B6881E1FC6D000F726EF /* Location-Geofence-Demo-Swift */,
				D9955C1C1E0BACC700628015 /* Products */,
				D9955C3E1E0BAF9900628015 /* Frameworks */,
				E76205735FFD7C06AB0394D6 /* Pods */,
			);
			sourceTree = "<group>";
		};
		D9955C1C1E0BACC700628015 /* Products */ = {
			isa = PBXGroup;
			children = (
				D9955C1B1E0BACC700628015 /* Location-Geofence-Demo.app */,
				D971B6871E1FC6D000F726EF /* Location-Geofence-Demo-Swift.app */,
			);
			name = Products;
			sourceTree = "<group>";
		};
		D9955C1D1E0BACC700628015 /* Location-Geofence-Demo */ = {
			isa = PBXGroup;
			children = (
				D9955C211E0BACC700628015 /* AppDelegate.h */,
				D9955C221E0BACC700628015 /* AppDelegate.m */,
				D9955C241E0BACC700628015 /* ViewController.h */,
				D9955C251E0BACC700628015 /* ViewController.m */,
				D9955C271E0BACC700628015 /* Main.storyboard */,
				D9955C4D1E0BB0A200628015 /* Icon */,
				D9955C351E0BAE5C00628015 /* Configuration */,
				D9955C2A1E0BACC700628015 /* Assets.xcassets */,
				D9955C2C1E0BACC700628015 /* LaunchScreen.storyboard */,
				D9955C2F1E0BACC700628015 /* Info.plist */,
				D9955C1E1E0BACC700628015 /* Supporting Files */,
			);
			path = "Location-Geofence-Demo";
			sourceTree = "<group>";
		};
		D9955C1E1E0BACC700628015 /* Supporting Files */ = {
			isa = PBXGroup;
			children = (
				D9955C1F1E0BACC700628015 /* main.m */,
			);
			name = "Supporting Files";
			sourceTree = "<group>";
		};
		D9955C351E0BAE5C00628015 /* Configuration */ = {
			isa = PBXGroup;
			children = (
				D9955C361E0BAE5C00628015 /* APIKey.h */,
			);
			path = Configuration;
			sourceTree = "<group>";
		};
		D9955C3E1E0BAF9900628015 /* Frameworks */ = {
			isa = PBXGroup;
			children = (
				D9955C4B1E0BAFD700628015 /* SystemConfiguration.framework */,
				D9955C491E0BAFCE00628015 /* CoreTelephony.framework */,
				D9955C471E0BAFC700628015 /* JavaScriptCore.framework */,
				D9955C451E0BAFBF00628015 /* Security.framework */,
				D9955C431E0BAFB600628015 /* libstdc++.6.0.9.tbd */,
				D9955C411E0BAFA200628015 /* libz.tbd */,
				D9955C3F1E0BAF9900628015 /* libc++.tbd */,
				C9697422EE3FDCD7578893B2 /* libPods-Location-Geofence-Demo.a */,
				816524B83F4C2647A6AFAD5D /* libPods-Location-Geofence-Demo-Swift.a */,
			);
			name = Frameworks;
			sourceTree = "<group>";
		};
		D9955C4D1E0BB0A200628015 /* Icon */ = {
			isa = PBXGroup;
			children = (
				D9955C4E1E0BB0A200628015 /* icon-72.png */,
				D9955C4F1E0BB0A200628015 /* icon-72@2x.png */,
				D9955C501E0BB0A200628015 /* icon.png */,
				D9955C511E0BB0A200628015 /* icon@2x.png */,
			);
			path = Icon;
			sourceTree = "<group>";
		};
		E76205735FFD7C06AB0394D6 /* Pods */ = {
			isa = PBXGroup;
			children = (
				378AC6BF43DC91C6D8B43295 /* Pods-Location-Geofence-Demo.debug.xcconfig */,
				2231A695FCDBA1CC7BEC6B86 /* Pods-Location-Geofence-Demo.release.xcconfig */,
				4B7A6D035657495F918233D1 /* Pods-Location-Geofence-Demo-Swift.debug.xcconfig */,
				34D9F3A15832A493F87D7DFD /* Pods-Location-Geofence-Demo-Swift.release.xcconfig */,
			);
			name = Pods;
			sourceTree = "<group>";
		};
/* End PBXGroup section */

/* Begin PBXNativeTarget section */
		D971B6861E1FC6D000F726EF /* Location-Geofence-Demo-Swift */ = {
			isa = PBXNativeTarget;
			buildConfigurationList = D971B6981E1FC6D000F726EF /* Build configuration list for PBXNativeTarget "Location-Geofence-Demo-Swift" */;
			buildPhases = (
				31D3758488B529D7E63F372D /* [CP] Check Pods Manifest.lock */,
				D971B6831E1FC6D000F726EF /* Sources */,
				D971B6841E1FC6D000F726EF /* Frameworks */,
				D971B6851E1FC6D000F726EF /* Resources */,
				E4E3CC6815A5322EB42CEEF4 /* [CP] Embed Pods Frameworks */,
				CF00B3566FC7A4651ED71B8B /* [CP] Copy Pods Resources */,
			);
			buildRules = (
			);
			dependencies = (
			);
			name = "Location-Geofence-Demo-Swift";
			productName = "Location-Geofence-Demo-Swift";
			productReference = D971B6871E1FC6D000F726EF /* Location-Geofence-Demo-Swift.app */;
			productType = "com.apple.product-type.application";
		};
		D9955C1A1E0BACC700628015 /* Location-Geofence-Demo */ = {
			isa = PBXNativeTarget;
			buildConfigurationList = D9955C321E0BACC700628015 /* Build configuration list for PBXNativeTarget "Location-Geofence-Demo" */;
			buildPhases = (
				68AE0923AA8AB53AEFEF88FF /* [CP] Check Pods Manifest.lock */,
				D9955C171E0BACC700628015 /* Sources */,
				D9955C181E0BACC700628015 /* Frameworks */,
				D9955C191E0BACC700628015 /* Resources */,
				36668F7CBCC4729F7EEFAAE7 /* [CP] Embed Pods Frameworks */,
				68513AF04A253B25677F1802 /* [CP] Copy Pods Resources */,
			);
			buildRules = (
			);
			dependencies = (
			);
			name = "Location-Geofence-Demo";
			productName = "Location-Geofence-Demo";
			productReference = D9955C1B1E0BACC700628015 /* Location-Geofence-Demo.app */;
			productType = "com.apple.product-type.application";
		};
/* End PBXNativeTarget section */

/* Begin PBXProject section */
		D9955C131E0BACC700628015 /* Project object */ = {
			isa = PBXProject;
			attributes = {
				LastSwiftUpdateCheck = 0820;
				LastUpgradeCheck = 0820;
				ORGANIZATIONNAME = autonavi;
				TargetAttributes = {
					D971B6861E1FC6D000F726EF = {
						CreatedOnToolsVersion = 8.2;
						DevelopmentTeam = YMJ372W38W;
						ProvisioningStyle = Manual;
						SystemCapabilities = {
							com.apple.BackgroundModes = {
								enabled = 1;
							};
						};
					};
					D9955C1A1E0BACC700628015 = {
						CreatedOnToolsVersion = 8.2;
						DevelopmentTeam = YMJ372W38W;
						ProvisioningStyle = Manual;
						SystemCapabilities = {
							com.apple.BackgroundModes = {
								enabled = 1;
							};
						};
					};
				};
			};
			buildConfigurationList = D9955C161E0BACC700628015 /* Build configuration list for PBXProject "Location-Geofence-Demo" */;
			compatibilityVersion = "Xcode 3.2";
			developmentRegion = English;
			hasScannedForEncodings = 0;
			knownRegions = (
				en,
				Base,
			);
			mainGroup = D9955C121E0BACC700628015;
			productRefGroup = D9955C1C1E0BACC700628015 /* Products */;
			projectDirPath = "";
			projectRoot = "";
			targets = (
				D9955C1A1E0BACC700628015 /* Location-Geofence-Demo */,
				D971B6861E1FC6D000F726EF /* Location-Geofence-Demo-Swift */,
			);
		};
/* End PBXProject section */

/* Begin PBXResourcesBuildPhase section */
		D971B6851E1FC6D000F726EF /* Resources */ = {
			isa = PBXResourcesBuildPhase;
			buildActionMask = 2147483647;
			files = (
				D971B6941E1FC6D000F726EF /* LaunchScreen.storyboard in Resources */,
				D971B6911E1FC6D000F726EF /* Assets.xcassets in Resources */,
				D971B68F1E1FC6D000F726EF /* Main.storyboard in Resources */,
			);
			runOnlyForDeploymentPostprocessing = 0;
		};
		D9955C191E0BACC700628015 /* Resources */ = {
			isa = PBXResourcesBuildPhase;
			buildActionMask = 2147483647;
			files = (
				D9955C551E0BB0A200628015 /* icon@2x.png in Resources */,
				D9955C2E1E0BACC700628015 /* LaunchScreen.storyboard in Resources */,
				D9955C521E0BB0A200628015 /* icon-72.png in Resources */,
				D9955C541E0BB0A200628015 /* icon.png in Resources */,
				D9955C531E0BB0A200628015 /* icon-72@2x.png in Resources */,
				D9955C2B1E0BACC700628015 /* Assets.xcassets in Resources */,
				D9955C291E0BACC700628015 /* Main.storyboard in Resources */,
			);
			runOnlyForDeploymentPostprocessing = 0;
		};
/* End PBXResourcesBuildPhase section */

/* Begin PBXShellScriptBuildPhase section */
		31D3758488B529D7E63F372D /* [CP] Check Pods Manifest.lock */ = {
			isa = PBXShellScriptBuildPhase;
			buildActionMask = 2147483647;
			files = (
			);
			inputPaths = (
			);
			name = "[CP] Check Pods Manifest.lock";
			outputPaths = (
			);
			runOnlyForDeploymentPostprocessing = 0;
			shellPath = /bin/sh;
			shellScript = "diff \"${PODS_ROOT}/../Podfile.lock\" \"${PODS_ROOT}/Manifest.lock\" > /dev/null\nif [ $? != 0 ] ; then\n    # print error to STDERR\n    echo \"error: The sandbox is not in sync with the Podfile.lock. Run 'pod install' or update your CocoaPods installation.\" >&2\n    exit 1\nfi\n";
			showEnvVarsInLog = 0;
		};
		36668F7CBCC4729F7EEFAAE7 /* [CP] Embed Pods Frameworks */ = {
			isa = PBXShellScriptBuildPhase;
			buildActionMask = 2147483647;
			files = (
			);
			inputPaths = (
			);
			name = "[CP] Embed Pods Frameworks";
			outputPaths = (
			);
			runOnlyForDeploymentPostprocessing = 0;
			shellPath = /bin/sh;
			shellScript = "\"${SRCROOT}/Pods/Target Support Files/Pods-Location-Geofence-Demo/Pods-Location-Geofence-Demo-frameworks.sh\"\n";
			showEnvVarsInLog = 0;
		};
		68513AF04A253B25677F1802 /* [CP] Copy Pods Resources */ = {
			isa = PBXShellScriptBuildPhase;
			buildActionMask = 2147483647;
			files = (
			);
			inputPaths = (
			);
			name = "[CP] Copy Pods Resources";
			outputPaths = (
			);
			runOnlyForDeploymentPostprocessing = 0;
			shellPath = /bin/sh;
			shellScript = "\"${SRCROOT}/Pods/Target Support Files/Pods-Location-Geofence-Demo/Pods-Location-Geofence-Demo-resources.sh\"\n";
			showEnvVarsInLog = 0;
		};
		68AE0923AA8AB53AEFEF88FF /* [CP] Check Pods Manifest.lock */ = {
			isa = PBXShellScriptBuildPhase;
			buildActionMask = 2147483647;
			files = (
			);
			inputPaths = (
			);
			name = "[CP] Check Pods Manifest.lock";
			outputPaths = (
			);
			runOnlyForDeploymentPostprocessing = 0;
			shellPath = /bin/sh;
			shellScript = "diff \"${PODS_ROOT}/../Podfile.lock\" \"${PODS_ROOT}/Manifest.lock\" > /dev/null\nif [ $? != 0 ] ; then\n    # print error to STDERR\n    echo \"error: The sandbox is not in sync with the Podfile.lock. Run 'pod install' or update your CocoaPods installation.\" >&2\n    exit 1\nfi\n";
			showEnvVarsInLog = 0;
		};
		CF00B3566FC7A4651ED71B8B /* [CP] Copy Pods Resources */ = {
			isa = PBXShellScriptBuildPhase;
			buildActionMask = 2147483647;
			files = (
			);
			inputPaths = (
			);
			name = "[CP] Copy Pods Resources";
			outputPaths = (
			);
			runOnlyForDeploymentPostprocessing = 0;
			shellPath = /bin/sh;
			shellScript = "\"${SRCROOT}/Pods/Target Support Files/Pods-Location-Geofence-Demo-Swift/Pods-Location-Geofence-Demo-Swift-resources.sh\"\n";
			showEnvVarsInLog = 0;
		};
		E4E3CC6815A5322EB42CEEF4 /* [CP] Embed Pods Frameworks */ = {
			isa = PBXShellScriptBuildPhase;
			buildActionMask = 2147483647;
			files = (
			);
			inputPaths = (
			);
			name = "[CP] Embed Pods Frameworks";
			outputPaths = (
			);
			runOnlyForDeploymentPostprocessing = 0;
			shellPath = /bin/sh;
			shellScript = "\"${SRCROOT}/Pods/Target Support Files/Pods-Location-Geofence-Demo-Swift/Pods-Location-Geofence-Demo-Swift-frameworks.sh\"\n";
			showEnvVarsInLog = 0;
		};
/* End PBXShellScriptBuildPhase section */

/* Begin PBXSourcesBuildPhase section */
		D971B6831E1FC6D000F726EF /* Sources */ = {
			isa = PBXSourcesBuildPhase;
			buildActionMask = 2147483647;
			files = (
				D971B68C1E1FC6D000F726EF /* ViewController.swift in Sources */,
				D971B68A1E1FC6D000F726EF /* AppDelegate.swift in Sources */,
			);
			runOnlyForDeploymentPostprocessing = 0;
		};
		D9955C171E0BACC700628015 /* Sources */ = {
			isa = PBXSourcesBuildPhase;
			buildActionMask = 2147483647;
			files = (
				D9955C261E0BACC700628015 /* ViewController.m in Sources */,
				D9955C231E0BACC700628015 /* AppDelegate.m in Sources */,
				D9955C201E0BACC700628015 /* main.m in Sources */,
			);
			runOnlyForDeploymentPostprocessing = 0;
		};
/* End PBXSourcesBuildPhase section */

/* Begin PBXVariantGroup section */
		D971B68D1E1FC6D000F726EF /* Main.storyboard */ = {
			isa = PBXVariantGroup;
			children = (
				D971B68E1E1FC6D000F726EF /* Base */,
			);
			name = Main.storyboard;
			sourceTree = "<group>";
		};
		D971B6921E1FC6D000F726EF /* LaunchScreen.storyboard */ = {
			isa = PBXVariantGroup;
			children = (
				D971B6931E1FC6D000F726EF /* Base */,
			);
			name = LaunchScreen.storyboard;
			sourceTree = "<group>";
		};
		D9955C271E0BACC700628015 /* Main.storyboard */ = {
			isa = PBXVariantGroup;
			children = (
				D9955C281E0BACC700628015 /* Base */,
			);
			name = Main.storyboard;
			sourceTree = "<group>";
		};
		D9955C2C1E0BACC700628015 /* LaunchScreen.storyboard */ = {
			isa = PBXVariantGroup;
			children = (
				D9955C2D1E0BACC700628015 /* Base */,
			);
			name = LaunchScreen.storyboard;
			sourceTree = "<group>";
		};
/* End PBXVariantGroup section */

/* Begin XCBuildConfiguration section */
		D971B6961E1FC6D000F726EF /* Debug */ = {
			isa = XCBuildConfiguration;
			baseConfigurationReference = 4B7A6D035657495F918233D1 /* Pods-Location-Geofence-Demo-Swift.debug.xcconfig */;
			buildSettings = {
				ASSETCATALOG_COMPILER_APPICON_NAME = AppIcon;
				"CODE_SIGN_IDENTITY[sdk=iphoneos*]" = "iPhone Developer";
				DEVELOPMENT_TEAM = YMJ372W38W;
				INFOPLIST_FILE = "Location-Geofence-Demo-Swift/Info.plist";
				IPHONEOS_DEPLOYMENT_TARGET = 8.0;
				LD_RUNPATH_SEARCH_PATHS = "$(inherited) @executable_path/Frameworks";
				PRODUCT_BUNDLE_IDENTIFIER = "com.autonavi.Location-Geofence-Demo";
				PRODUCT_NAME = "$(TARGET_NAME)";
				PROVISIONING_PROFILE = "8014ae4e-33b6-4937-87e3-3725a2aad4f7";
				PROVISIONING_PROFILE_SPECIFIER = openPlatform_development;
				SWIFT_ACTIVE_COMPILATION_CONDITIONS = DEBUG;
				SWIFT_OBJC_BRIDGING_HEADER = "./Location-Geofence-Demo-Swift/Swift-Bridging-Header.h";
				SWIFT_OPTIMIZATION_LEVEL = "-Onone";
				SWIFT_VERSION = 3.0;
			};
			name = Debug;
		};
		D971B6971E1FC6D000F726EF /* Release */ = {
			isa = XCBuildConfiguration;
			baseConfigurationReference = 34D9F3A15832A493F87D7DFD /* Pods-Location-Geofence-Demo-Swift.release.xcconfig */;
			buildSettings = {
				ASSETCATALOG_COMPILER_APPICON_NAME = AppIcon;
				"CODE_SIGN_IDENTITY[sdk=iphoneos*]" = "iPhone Distribution";
				DEVELOPMENT_TEAM = YMJ372W38W;
				INFOPLIST_FILE = "Location-Geofence-Demo-Swift/Info.plist";
				IPHONEOS_DEPLOYMENT_TARGET = 8.0;
				LD_RUNPATH_SEARCH_PATHS = "$(inherited) @executable_path/Frameworks";
				PRODUCT_BUNDLE_IDENTIFIER = "com.autonavi.Location-Geofence-Demo";
				PRODUCT_NAME = "$(TARGET_NAME)";
				PROVISIONING_PROFILE = "a892512d-fe94-4702-b716-0b66880b936d";
				PROVISIONING_PROFILE_SPECIFIER = openPlatformInhouse;
				SWIFT_OBJC_BRIDGING_HEADER = "./Location-Geofence-Demo-Swift/Swift-Bridging-Header.h";
				SWIFT_OPTIMIZATION_LEVEL = "-Owholemodule";
				SWIFT_VERSION = 3.0;
			};
			name = Release;
		};
		D9955C301E0BACC700628015 /* Debug */ = {
			isa = XCBuildConfiguration;
			buildSettings = {
				ALWAYS_SEARCH_USER_PATHS = NO;
				CLANG_ANALYZER_NONNULL = YES;
				CLANG_CXX_LANGUAGE_STANDARD = "gnu++0x";
				CLANG_CXX_LIBRARY = "libc++";
				CLANG_ENABLE_MODULES = YES;
				CLANG_ENABLE_OBJC_ARC = YES;
				CLANG_WARN_BOOL_CONVERSION = YES;
				CLANG_WARN_CONSTANT_CONVERSION = YES;
				CLANG_WARN_DIRECT_OBJC_ISA_USAGE = YES_ERROR;
				CLANG_WARN_DOCUMENTATION_COMMENTS = YES;
				CLANG_WARN_EMPTY_BODY = YES;
				CLANG_WARN_ENUM_CONVERSION = YES;
				CLANG_WARN_INFINITE_RECURSION = YES;
				CLANG_WARN_INT_CONVERSION = YES;
				CLANG_WARN_OBJC_ROOT_CLASS = YES_ERROR;
				CLANG_WARN_SUSPICIOUS_MOVE = YES;
				CLANG_WARN_UNREACHABLE_CODE = YES;
				CLANG_WARN__DUPLICATE_METHOD_MATCH = YES;
				"CODE_SIGN_IDENTITY[sdk=iphoneos*]" = "iPhone Developer";
				COPY_PHASE_STRIP = NO;
				DEBUG_INFORMATION_FORMAT = dwarf;
				ENABLE_STRICT_OBJC_MSGSEND = YES;
				ENABLE_TESTABILITY = YES;
				GCC_C_LANGUAGE_STANDARD = gnu99;
				GCC_DYNAMIC_NO_PIC = NO;
				GCC_NO_COMMON_BLOCKS = YES;
				GCC_OPTIMIZATION_LEVEL = 0;
				GCC_PREPROCESSOR_DEFINITIONS = (
					"DEBUG=1",
					"$(inherited)",
				);
				GCC_WARN_64_TO_32_BIT_CONVERSION = YES;
				GCC_WARN_ABOUT_RETURN_TYPE = YES_ERROR;
				GCC_WARN_UNDECLARED_SELECTOR = YES;
				GCC_WARN_UNINITIALIZED_AUTOS = YES_AGGRESSIVE;
				GCC_WARN_UNUSED_FUNCTION = YES;
				GCC_WARN_UNUSED_VARIABLE = YES;
				IPHONEOS_DEPLOYMENT_TARGET = 10.2;
				MTL_ENABLE_DEBUG_INFO = YES;
				ONLY_ACTIVE_ARCH = YES;
				SDKROOT = iphoneos;
			};
			name = Debug;
		};
		D9955C311E0BACC700628015 /* Release */ = {
			isa = XCBuildConfiguration;
			buildSettings = {
				ALWAYS_SEARCH_USER_PATHS = NO;
				CLANG_ANALYZER_NONNULL = YES;
				CLANG_CXX_LANGUAGE_STANDARD = "gnu++0x";
				CLANG_CXX_LIBRARY = "libc++";
				CLANG_ENABLE_MODULES = YES;
				CLANG_ENABLE_OBJC_ARC = YES;
				CLANG_WARN_BOOL_CONVERSION = YES;
				CLANG_WARN_CONSTANT_CONVERSION = YES;
				CLANG_WARN_DIRECT_OBJC_ISA_USAGE = YES_ERROR;
				CLANG_WARN_DOCUMENTATION_COMMENTS = YES;
				CLANG_WARN_EMPTY_BODY = YES;
				CLANG_WARN_ENUM_CONVERSION = YES;
				CLANG_WARN_INFINITE_RECURSION = YES;
				CLANG_WARN_INT_CONVERSION = YES;
				CLANG_WARN_OBJC_ROOT_CLASS = YES_ERROR;
				CLANG_WARN_SUSPICIOUS_MOVE = YES;
				CLANG_WARN_UNREACHABLE_CODE = YES;
				CLANG_WARN__DUPLICATE_METHOD_MATCH = YES;
				"CODE_SIGN_IDENTITY[sdk=iphoneos*]" = "iPhone Developer";
				COPY_PHASE_STRIP = NO;
				DEBUG_INFORMATION_FORMAT = "dwarf-with-dsym";
				ENABLE_NS_ASSERTIONS = NO;
				ENABLE_STRICT_OBJC_MSGSEND = YES;
				GCC_C_LANGUAGE_STANDARD = gnu99;
				GCC_NO_COMMON_BLOCKS = YES;
				GCC_WARN_64_TO_32_BIT_CONVERSION = YES;
				GCC_WARN_ABOUT_RETURN_TYPE = YES_ERROR;
				GCC_WARN_UNDECLARED_SELECTOR = YES;
				GCC_WARN_UNINITIALIZED_AUTOS = YES_AGGRESSIVE;
				GCC_WARN_UNUSED_FUNCTION = YES;
				GCC_WARN_UNUSED_VARIABLE = YES;
				IPHONEOS_DEPLOYMENT_TARGET = 10.2;
				MTL_ENABLE_DEBUG_INFO = NO;
				SDKROOT = iphoneos;
				VALIDATE_PRODUCT = YES;
			};
			name = Release;
		};
		D9955C331E0BACC700628015 /* Debug */ = {
			isa = XCBuildConfiguration;
			baseConfigurationReference = 378AC6BF43DC91C6D8B43295 /* Pods-Location-Geofence-Demo.debug.xcconfig */;
			buildSettings = {
				ASSETCATALOG_COMPILER_APPICON_NAME = AppIcon;
				DEVELOPMENT_TEAM = YMJ372W38W;
				FRAMEWORK_SEARCH_PATHS = (
					"$(inherited)",
					"$(PROJECT_DIR)/Location-Geofence-Demo/Extern",
				);
				INFOPLIST_FILE = "Location-Geofence-Demo/Info.plist";
				IPHONEOS_DEPLOYMENT_TARGET = 8.0;
				LD_RUNPATH_SEARCH_PATHS = "$(inherited) @executable_path/Frameworks";
				PRODUCT_BUNDLE_IDENTIFIER = "com.autonavi.Location-Geofence-Demo";
				PRODUCT_NAME = "$(TARGET_NAME)";
				PROVISIONING_PROFILE = "8014ae4e-33b6-4937-87e3-3725a2aad4f7";
				PROVISIONING_PROFILE_SPECIFIER = openPlatform_development;
			};
			name = Debug;
		};
		D9955C341E0BACC700628015 /* Release */ = {
			isa = XCBuildConfiguration;
			baseConfigurationReference = 2231A695FCDBA1CC7BEC6B86 /* Pods-Location-Geofence-Demo.release.xcconfig */;
			buildSettings = {
				ASSETCATALOG_COMPILER_APPICON_NAME = AppIcon;
				"CODE_SIGN_IDENTITY[sdk=iphoneos*]" = "iPhone Distribution";
				DEVELOPMENT_TEAM = YMJ372W38W;
				FRAMEWORK_SEARCH_PATHS = (
					"$(inherited)",
					"$(PROJECT_DIR)/Location-Geofence-Demo/Extern",
				);
				INFOPLIST_FILE = "Location-Geofence-Demo/Info.plist";
				IPHONEOS_DEPLOYMENT_TARGET = 8.0;
				LD_RUNPATH_SEARCH_PATHS = "$(inherited) @executable_path/Frameworks";
				PRODUCT_BUNDLE_IDENTIFIER = "com.autonavi.Location-Geofence-Demo";
				PRODUCT_NAME = "$(TARGET_NAME)";
				PROVISIONING_PROFILE = "a892512d-fe94-4702-b716-0b66880b936d";
				PROVISIONING_PROFILE_SPECIFIER = openPlatformInhouse;
			};
			name = Release;
		};
/* End XCBuildConfiguration section */

/* Begin XCConfigurationList section */
		D971B6981E1FC6D000F726EF /* Build configuration list for PBXNativeTarget "Location-Geofence-Demo-Swift" */ = {
			isa = XCConfigurationList;
			buildConfigurations = (
				D971B6961E1FC6D000F726EF /* Debug */,
				D971B6971E1FC6D000F726EF /* Release */,
			);
			defaultConfigurationIsVisible = 0;
			defaultConfigurationName = Release;
		};
		D9955C161E0BACC700628015 /* Build configuration list for PBXProject "Location-Geofence-Demo" */ = {
			isa = XCConfigurationList;
			buildConfigurations = (
				D9955C301E0BACC700628015 /* Debug */,
				D9955C311E0BACC700628015 /* Release */,
			);
			defaultConfigurationIsVisible = 0;
			defaultConfigurationName = Release;
		};
		D9955C321E0BACC700628015 /* Build configuration list for PBXNativeTarget "Location-Geofence-Demo" */ = {
			isa = XCConfigurationList;
			buildConfigurations = (
				D9955C331E0BACC700628015 /* Debug */,
				D9955C341E0BACC700628015 /* Release */,
			);
			defaultConfigurationIsVisible = 0;
			defaultConfigurationName = Release;
		};
/* End XCConfigurationList section */
	};
	rootObject = D9955C131E0BACC700628015 /* Project object */;
}
